
Microsoft Visual Studio Solution File, Format Version 12.00
# Visual Studio 15
VisualStudioVersion = 15.0.27703.2035
MinimumVisualStudioVersion = 10.0.40219.1
Project("{2150E333-8FDC-42A3-9474-1A3956D46DE8}") = "Web", "Web", "{485E5234-0340-4A1F-925F-A357E4CAC526}"
EndProject
Project("{2150E333-8FDC-42A3-9474-1A3956D46DE8}") = "Services", "Services", "{978EB165-CD65-4554-919B-5F47573DA0E2}"
EndProject
Project("{9A19103F-16F7-4668-BE54-9A1E7A4F7556}") = "Pcf.Demos.Steeltoe.Api", "Pcf.Demos.Steeltoe.Api\Pcf.Demos.Steeltoe.Api.csproj", "{99FC8E75-EBE0-42F8-9DC1-18D4F9A78279}"
EndProject
Project("{9A19103F-16F7-4668-BE54-9A1E7A4F7556}") = "Pcf.Demos.Steeltoe.Web", "Pcf.Demos.Steeltoe.Web\Pcf.Demos.Steeltoe.Web.csproj", "{50B57E03-6A7B-4624-A4C7-177A5D515967}"
EndProject
Project("{2150E333-8FDC-42A3-9474-1A3956D46DE8}") = "Solution Items", "Solution Items", "{556135FB-DED0-4299-9FCB-8BC6B8318431}"
	ProjectSection(SolutionItems) = preProject
		application-development.properties = application-development.properties
		application-production.properties = application-production.properties
		application-staging.properties = application-staging.properties
		config.json = config.json
	EndProjectSection
EndProject
Project("{FAE04EC0-301F-11D3-BF4B-00C04F79EFBC}") = "Pcf.Demos.Steeltoe.Fallback.Api", "Pcf.Demos.Steeltoe.Fallback.Api\Pcf.Demos.Steeltoe.Fallback.Api.csproj", "{F597B4AD-8CE3-4B5E-BE64-04C594CD91E6}"
EndProject
Global
	GlobalSection(SolutionConfigurationPlatforms) = preSolution
		Debug|Any CPU = Debug|Any CPU
		Release|Any CPU = Release|Any CPU
	EndGlobalSection
	GlobalSection(ProjectConfigurationPlatforms) = postSolution
		{99FC8E75-EBE0-42F8-9DC1-18D4F9A78279}.Debug|Any CPU.ActiveCfg = Debug|Any CPU
		{99FC8E75-EBE0-42F8-9DC1-18D4F9A78279}.Debug|Any CPU.Build.0 = Debug|Any CPU
		{99FC8E75-EBE0-42F8-9DC1-18D4F9A78279}.Release|Any CPU.ActiveCfg = Release|Any CPU
		{99FC8E75-EBE0-42F8-9DC1-18D4F9A78279}.Release|Any CPU.Build.0 = Release|Any CPU
		{50B57E03-6A7B-4624-A4C7-177A5D515967}.Debug|Any CPU.ActiveCfg = Debug|Any CPU
		{50B57E03-6A7B-4624-A4C7-177A5D515967}.Debug|Any CPU.Build.0 = Debug|Any CPU
		{50B57E03-6A7B-4624-A4C7-177A5D515967}.Release|Any CPU.ActiveCfg = Release|Any CPU
		{50B57E03-6A7B-4624-A4C7-177A5D515967}.Release|Any CPU.Build.0 = Release|Any CPU
		{F597B4AD-8CE3-4B5E-BE64-04C594CD91E6}.Debug|Any CPU.ActiveCfg = Debug|Any CPU
		{F597B4AD-8CE3-4B5E-BE64-04C594CD91E6}.Debug|Any CPU.Build.0 = Debug|Any CPU
		{F597B4AD-8CE3-4B5E-BE64-04C594CD91E6}.Release|Any CPU.ActiveCfg = Release|Any CPU
		{F597B4AD-8CE3-4B5E-BE64-04C594CD91E6}.Release|Any CPU.Build.0 = Release|Any CPU
	EndGlobalSection
	GlobalSection(SolutionProperties) = preSolution
		HideSolutionNode = FALSE
	EndGlobalSection
	GlobalSection(NestedProjects) = preSolution
		{99FC8E75-EBE0-42F8-9DC1-18D4F9A78279} = {978EB165-CD65-4554-919B-5F47573DA0E2}
		{50B57E03-6A7B-4624-A4C7-177A5D515967} = {485E5234-0340-4A1F-925F-A357E4CAC526}
		{F597B4AD-8CE3-4B5E-BE64-04C594CD91E6} = {978EB165-CD65-4554-919B-5F47573DA0E2}
	EndGlobalSection
	GlobalSection(ExtensibilityGlobals) = postSolution
		SolutionGuid = {4AF060D5-D2CE-41B3-A5C1-D063EF155CA9}
	EndGlobalSection
EndGlobal
